
Microsoft Visual Studio Solution File, Format Version 12.00
# Visual Studio Version 16
VisualStudioVersion = 16.0.29613.14
MinimumVisualStudioVersion = 10.0.40219.1
Project("{9A19103F-16F7-4668-BE54-9A1E7A4F7556}") = "DbRepasitory", "DbRepasitory\DbRepasitory.csproj", "{11CEA984-E3FE-412C-BE16-F194717478F2}"
EndProject
Project("{9A19103F-16F7-4668-BE54-9A1E7A4F7556}") = "RepoApp", "RepoApp\RepoApp.csproj", "{0170C82C-B25E-4593-BE8E-189A11730BD3}"
EndProject
Global
	GlobalSection(SolutionConfigurationPlatforms) = preSolution
		Debug|Any CPU = Debug|Any CPU
		Release|Any CPU = Release|Any CPU
	EndGlobalSection
	GlobalSection(ProjectConfigurationPlatforms) = postSolution
		{11CEA984-E3FE-412C-BE16-F194717478F2}.Debug|Any CPU.ActiveCfg = Debug|Any CPU
		{11CEA984-E3FE-412C-BE16-F194717478F2}.Debug|Any CPU.Build.0 = Debug|Any CPU
		{11CEA984-E3FE-412C-BE16-F194717478F2}.Release|Any CPU.ActiveCfg = Release|Any CPU
		{11CEA984-E3FE-412C-BE16-F194717478F2}.Release|Any CPU.Build.0 = Release|Any CPU
		{0170C82C-B25E-4593-BE8E-189A11730BD3}.Debug|Any CPU.ActiveCfg = Debug|Any CPU
		{0170C82C-B25E-4593-BE8E-189A11730BD3}.Debug|Any CPU.Build.0 = Debug|Any CPU
		{0170C82C-B25E-4593-BE8E-189A11730BD3}.Release|Any CPU.ActiveCfg = Release|Any CPU
		{0170C82C-B25E-4593-BE8E-189A11730BD3}.Release|Any CPU.Build.0 = Release|Any CPU
	EndGlobalSection
	GlobalSection(SolutionProperties) = preSolution
		HideSolutionNode = FALSE
	EndGlobalSection
	GlobalSection(ExtensibilityGlobals) = postSolution
		SolutionGuid = {A9A70634-BD50-4CBF-8ECA-2EFD5A72AE23}
	EndGlobalSection
EndGlobal
