
Microsoft Visual Studio Solution File, Format Version 12.00
# Visual Studio Version 16
VisualStudioVersion = 16.0.29613.14
MinimumVisualStudioVersion = 10.0.40219.1
Project("{FAE04EC0-301F-11D3-BF4B-00C04F79EFBC}") = "RepoApp", "EntityRepasitory\RepoApp.csproj", "{62019D84-DD9E-4681-A1CE-9005FBBB7D2D}"
EndProject
Project("{FAE04EC0-301F-11D3-BF4B-00C04F79EFBC}") = "DbRepasitory", "DbRepasitory\DbRepasitory.csproj", "{11CEA984-E3FE-412C-BE16-F194717478F2}"
EndProject
Global
	GlobalSection(SolutionConfigurationPlatforms) = preSolution
		Debug|Any CPU = Debug|Any CPU
		Release|Any CPU = Release|Any CPU
	EndGlobalSection
	GlobalSection(ProjectConfigurationPlatforms) = postSolution
		{62019D84-DD9E-4681-A1CE-9005FBBB7D2D}.Debug|Any CPU.ActiveCfg = Debug|Any CPU
		{62019D84-DD9E-4681-A1CE-9005FBBB7D2D}.Debug|Any CPU.Build.0 = Debug|Any CPU
		{62019D84-DD9E-4681-A1CE-9005FBBB7D2D}.Release|Any CPU.ActiveCfg = Release|Any CPU
		{62019D84-DD9E-4681-A1CE-9005FBBB7D2D}.Release|Any CPU.Build.0 = Release|Any CPU
		{11CEA984-E3FE-412C-BE16-F194717478F2}.Debug|Any CPU.ActiveCfg = Debug|Any CPU
		{11CEA984-E3FE-412C-BE16-F194717478F2}.Debug|Any CPU.Build.0 = Debug|Any CPU
		{11CEA984-E3FE-412C-BE16-F194717478F2}.Release|Any CPU.ActiveCfg = Release|Any CPU
		{11CEA984-E3FE-412C-BE16-F194717478F2}.Release|Any CPU.Build.0 = Release|Any CPU
	EndGlobalSection
	GlobalSection(SolutionProperties) = preSolution
		HideSolutionNode = FALSE
	EndGlobalSection
	GlobalSection(ExtensibilityGlobals) = postSolution
		SolutionGuid = {A9A70634-BD50-4CBF-8ECA-2EFD5A72AE23}
	EndGlobalSection
EndGlobal
